
Microsoft Visual Studio Solution File, Format Version 12.00
# Visual Studio Version 17
VisualStudioVersion = 17.1.32414.318
MinimumVisualStudioVersion = 10.0.40219.1
Project("{FAE04EC0-301F-11D3-BF4B-00C04F79EFBC}") = "Casgem_Protfolio", "Casgem_Protfolio\Casgem_Protfolio.csproj", "{44FEF04E-7C2F-4B4D-9218-6339F8DC6794}"
EndProject
Global
	GlobalSection(SolutionConfigurationPlatforms) = preSolution
		Debug|Any CPU = Debug|Any CPU
		Release|Any CPU = Release|Any CPU
	EndGlobalSection
	GlobalSection(ProjectConfigurationPlatforms) = postSolution
		{44FEF04E-7C2F-4B4D-9218-6339F8DC6794}.Debug|Any CPU.ActiveCfg = Debug|Any CPU
		{44FEF04E-7C2F-4B4D-9218-6339F8DC6794}.Debug|Any CPU.Build.0 = Debug|Any CPU
		{44FEF04E-7C2F-4B4D-9218-6339F8DC6794}.Release|Any CPU.ActiveCfg = Release|Any CPU
		{44FEF04E-7C2F-4B4D-9218-6339F8DC6794}.Release|Any CPU.Build.0 = Release|Any CPU
	EndGlobalSection
	GlobalSection(SolutionProperties) = preSolution
		HideSolutionNode = FALSE
	EndGlobalSection
	GlobalSection(ExtensibilityGlobals) = postSolution
		SolutionGuid = {96983C91-703C-41CC-B3B1-822A16575962}
	EndGlobalSection
EndGlobal
